
Microsoft Visual Studio Solution File, Format Version 12.00
# Visual Studio Version 16
VisualStudioVersion = 16.0.30011.22
MinimumVisualStudioVersion = 10.0.40219.1
Project("{FAE04EC0-301F-11D3-BF4B-00C04F79EFBC}") = "Bank", "Bank.csproj", "{04EC9243-0D42-4616-9F4B-CAC66CF6C607}"
EndProject
Global
	GlobalSection(SolutionConfigurationPlatforms) = preSolution
		Debug|Any CPU = Debug|Any CPU
		Release|Any CPU = Release|Any CPU
	EndGlobalSection
	GlobalSection(ProjectConfigurationPlatforms) = postSolution
		{04EC9243-0D42-4616-9F4B-CAC66CF6C607}.Debug|Any CPU.ActiveCfg = Debug|Any CPU
		{04EC9243-0D42-4616-9F4B-CAC66CF6C607}.Debug|Any CPU.Build.0 = Debug|Any CPU
		{04EC9243-0D42-4616-9F4B-CAC66CF6C607}.Release|Any CPU.ActiveCfg = Release|Any CPU
		{04EC9243-0D42-4616-9F4B-CAC66CF6C607}.Release|Any CPU.Build.0 = Release|Any CPU
	EndGlobalSection
	GlobalSection(SolutionProperties) = preSolution
		HideSolutionNode = FALSE
	EndGlobalSection
	GlobalSection(ExtensibilityGlobals) = postSolution
		SolutionGuid = {50F950A4-CDFF-4505-A77A-ACF0B7CEAB95}
	EndGlobalSection
EndGlobal
